
Microsoft Visual Studio Solution File, Format Version 12.00
# Visual Studio Version 17
VisualStudioVersion = 17.2.32616.157
MinimumVisualStudioVersion = 10.0.40219.1
Project("{FAE04EC0-301F-11D3-BF4B-00C04F79EFBC}") = "Catalog.API", "Catalog.API\Catalog.API.csproj", "{E1FB12F8-8BF2-4371-BD18-A02534523F4C}"
EndProject
Global
	GlobalSection(SolutionConfigurationPlatforms) = preSolution
		Debug|Any CPU = Debug|Any CPU
		Release|Any CPU = Release|Any CPU
	EndGlobalSection
	GlobalSection(ProjectConfigurationPlatforms) = postSolution
		{E1FB12F8-8BF2-4371-BD18-A02534523F4C}.Debug|Any CPU.ActiveCfg = Debug|Any CPU
		{E1FB12F8-8BF2-4371-BD18-A02534523F4C}.Debug|Any CPU.Build.0 = Debug|Any CPU
		{E1FB12F8-8BF2-4371-BD18-A02534523F4C}.Release|Any CPU.ActiveCfg = Release|Any CPU
		{E1FB12F8-8BF2-4371-BD18-A02534523F4C}.Release|Any CPU.Build.0 = Release|Any CPU
	EndGlobalSection
	GlobalSection(SolutionProperties) = preSolution
		HideSolutionNode = FALSE
	EndGlobalSection
	GlobalSection(ExtensibilityGlobals) = postSolution
		SolutionGuid = {BE24B159-72A2-46D0-89A3-6AEA3FEB44A9}
	EndGlobalSection
EndGlobal
